// !$*UTF8*$!
{
	archiveVersion = 1;
	classes = {
	};
	objectVersion = 50;
	objects = {

/* Begin PBXBuildFile section */
		FE463C60268533F500D418AF /* ForecastModel.swift in Sources */ = {isa = PBXBuildFile; fileRef = FE463C5F268533F500D418AF /* ForecastModel.swift */; };
		FE48BB97268B3B3F00591AF2 /* cityListModel.swift in Sources */ = {isa = PBXBuildFile; fileRef = FE48BB96268B3B3F00591AF2 /* cityListModel.swift */; };
		FE48BB9E268B6A8C00591AF2 /* CityManager .swift in Sources */ = {isa = PBXBuildFile; fileRef = FE48BB9D268B6A8C00591AF2 /* CityManager .swift */; };
		FE5476DA268531C7008485B9 /* city.list.json in Resources */ = {isa = PBXBuildFile; fileRef = FE5476D9268531C7008485B9 /* city.list.json */; };
		FE63E3E4268CD05A00B6DB16 /* extensionForecast.swift in Sources */ = {isa = PBXBuildFile; fileRef = FE63E3E3268CD05A00B6DB16 /* extensionForecast.swift */; };
		FE8842A62688E1B900A044E0 /* ForecastViewController.swift in Sources */ = {isa = PBXBuildFile; fileRef = FE8842A52688E1B900A044E0 /* ForecastViewController.swift */; };
		FE8842AA2688E28700A044E0 /* ForecastView.swift in Sources */ = {isa = PBXBuildFile; fileRef = FE8842A92688E28700A044E0 /* ForecastView.swift */; };
		FE8842AF2688EB9700A044E0 /* Forecast.storyboard in Resources */ = {isa = PBXBuildFile; fileRef = FE8842AE2688EB9700A044E0 /* Forecast.storyboard */; };
		FEA7D4CD269631DE009770AA /* LocationManager.swift in Sources */ = {isa = PBXBuildFile; fileRef = FEA7D4CC269631DE009770AA /* LocationManager.swift */; };
		FEAB5D922688FC96005AC295 /* collectiCollectionViewCell.swift in Sources */ = {isa = PBXBuildFile; fileRef = FEAB5D902688FC96005AC295 /* collectiCollectionViewCell.swift */; };
		FEAB5D932688FC96005AC295 /* collectiCollectionViewCell.xib in Resources */ = {isa = PBXBuildFile; fileRef = FEAB5D912688FC96005AC295 /* collectiCollectionViewCell.xib */; };
		FED73A6E2675ECF6001FEE29 /* AppDelegate.swift in Sources */ = {isa = PBXBuildFile; fileRef = FED73A6D2675ECF6001FEE29 /* AppDelegate.swift */; };
		FED73A702675ECF6001FEE29 /* SceneDelegate.swift in Sources */ = {isa = PBXBuildFile; fileRef = FED73A6F2675ECF6001FEE29 /* SceneDelegate.swift */; };
		FED73A722675ECF6001FEE29 /* MainScreenViewController.swift in Sources */ = {isa = PBXBuildFile; fileRef = FED73A712675ECF6001FEE29 /* MainScreenViewController.swift */; };
		FED73A752675ECF6001FEE29 /* Main.storyboard in Resources */ = {isa = PBXBuildFile; fileRef = FED73A732675ECF6001FEE29 /* Main.storyboard */; };
		FED73A772675ECF9001FEE29 /* Assets.xcassets in Resources */ = {isa = PBXBuildFile; fileRef = FED73A762675ECF9001FEE29 /* Assets.xcassets */; };
		FED73A7A2675ECF9001FEE29 /* LaunchScreen.storyboard in Resources */ = {isa = PBXBuildFile; fileRef = FED73A782675ECF9001FEE29 /* LaunchScreen.storyboard */; };
		FED73A8326760012001FEE29 /* NetworkManager.swift in Sources */ = {isa = PBXBuildFile; fileRef = FED73A8226760012001FEE29 /* NetworkManager.swift */; };
		FED73A8626760506001FEE29 /* CityModel.swift in Sources */ = {isa = PBXBuildFile; fileRef = FED73A8526760506001FEE29 /* CityModel.swift */; };
		FED978D1269725A3007612F2 /* ReverseGeocodingModel.swift in Sources */ = {isa = PBXBuildFile; fileRef = FED978D0269725A3007612F2 /* ReverseGeocodingModel.swift */; };
		FEDF13AF269238380003CEC2 /* extensionMainScreen.swift in Sources */ = {isa = PBXBuildFile; fileRef = FEDF13AE269238380003CEC2 /* extensionMainScreen.swift */; };
/* End PBXBuildFile section */

/* Begin PBXFileReference section */
		FE463C5F268533F500D418AF /* ForecastModel.swift */ = {isa = PBXFileReference; lastKnownFileType = sourcecode.swift; path = ForecastModel.swift; sourceTree = "<group>"; };
		FE48BB96268B3B3F00591AF2 /* cityListModel.swift */ = {isa = PBXFileReference; lastKnownFileType = sourcecode.swift; path = cityListModel.swift; sourceTree = "<group>"; };
		FE48BB9D268B6A8C00591AF2 /* CityManager .swift */ = {isa = PBXFileReference; lastKnownFileType = sourcecode.swift; path = "CityManager .swift"; sourceTree = "<group>"; };
		FE5476D9268531C7008485B9 /* city.list.json */ = {isa = PBXFileReference; fileEncoding = 4; lastKnownFileType = text.json; path = city.list.json; sourceTree = "<group>"; };
		FE63E3E3268CD05A00B6DB16 /* extensionForecast.swift */ = {isa = PBXFileReference; lastKnownFileType = sourcecode.swift; path = extensionForecast.swift; sourceTree = "<group>"; };
		FE7608AE268E4BF500FF1D81 /* HelveticaNeueCyr-Medium.ttf */ = {isa = PBXFileReference; lastKnownFileType = file; path = "HelveticaNeueCyr-Medium.ttf"; sourceTree = "<group>"; };
		FE7608AF268E4C0100FF1D81 /* HelveticaNeueCyr-Light.ttf */ = {isa = PBXFileReference; lastKnownFileType = file; path = "HelveticaNeueCyr-Light.ttf"; sourceTree = "<group>"; };
		FE7608B0268E4C1400FF1D81 /* HelveticaNeueCyr-Roman.ttf */ = {isa = PBXFileReference; lastKnownFileType = file; path = "HelveticaNeueCyr-Roman.ttf"; sourceTree = "<group>"; };
		FE7608B1268E4C2700FF1D81 /* HelveticaNeueCyr-Bold.ttf */ = {isa = PBXFileReference; lastKnownFileType = file; path = "HelveticaNeueCyr-Bold.ttf"; sourceTree = "<group>"; };
		FE8842A52688E1B900A044E0 /* ForecastViewController.swift */ = {isa = PBXFileReference; lastKnownFileType = sourcecode.swift; path = ForecastViewController.swift; sourceTree = "<group>"; };
		FE8842A92688E28700A044E0 /* ForecastView.swift */ = {isa = PBXFileReference; lastKnownFileType = sourcecode.swift; path = ForecastView.swift; sourceTree = "<group>"; };
		FE8842AE2688EB9700A044E0 /* Forecast.storyboard */ = {isa = PBXFileReference; lastKnownFileType = file.storyboard; path = Forecast.storyboard; sourceTree = "<group>"; };
		FEA7D4CC269631DE009770AA /* LocationManager.swift */ = {isa = PBXFileReference; lastKnownFileType = sourcecode.swift; path = LocationManager.swift; sourceTree = "<group>"; };
		FEAB5D902688FC96005AC295 /* collectiCollectionViewCell.swift */ = {isa = PBXFileReference; lastKnownFileType = sourcecode.swift; path = collectiCollectionViewCell.swift; sourceTree = "<group>"; };
		FEAB5D912688FC96005AC295 /* collectiCollectionViewCell.xib */ = {isa = PBXFileReference; lastKnownFileType = file.xib; path = collectiCollectionViewCell.xib; sourceTree = "<group>"; };
		FED73A6A2675ECF6001FEE29 /* DZ25.app */ = {isa = PBXFileReference; explicitFileType = wrapper.application; includeInIndex = 0; path = DZ25.app; sourceTree = BUILT_PRODUCTS_DIR; };
		FED73A6D2675ECF6001FEE29 /* AppDelegate.swift */ = {isa = PBXFileReference; lastKnownFileType = sourcecode.swift; path = AppDelegate.swift; sourceTree = "<group>"; };
		FED73A6F2675ECF6001FEE29 /* SceneDelegate.swift */ = {isa = PBXFileReference; lastKnownFileType = sourcecode.swift; path = SceneDelegate.swift; sourceTree = "<group>"; };
		FED73A712675ECF6001FEE29 /* MainScreenViewController.swift */ = {isa = PBXFileReference; lastKnownFileType = sourcecode.swift; path = MainScreenViewController.swift; sourceTree = "<group>"; };
		FED73A742675ECF6001FEE29 /* Base */ = {isa = PBXFileReference; lastKnownFileType = file.storyboard; name = Base; path = Base.lproj/Main.storyboard; sourceTree = "<group>"; };
		FED73A762675ECF9001FEE29 /* Assets.xcassets */ = {isa = PBXFileReference; lastKnownFileType = folder.assetcatalog; path = Assets.xcassets; sourceTree = "<group>"; };
		FED73A792675ECF9001FEE29 /* Base */ = {isa = PBXFileReference; lastKnownFileType = file.storyboard; name = Base; path = Base.lproj/LaunchScreen.storyboard; sourceTree = "<group>"; };
		FED73A7B2675ECF9001FEE29 /* Info.plist */ = {isa = PBXFileReference; lastKnownFileType = text.plist.xml; path = Info.plist; sourceTree = "<group>"; };
		FED73A8226760012001FEE29 /* NetworkManager.swift */ = {isa = PBXFileReference; lastKnownFileType = sourcecode.swift; path = NetworkManager.swift; sourceTree = "<group>"; };
		FED73A8526760506001FEE29 /* CityModel.swift */ = {isa = PBXFileReference; lastKnownFileType = sourcecode.swift; path = CityModel.swift; sourceTree = "<group>"; };
		FED978D0269725A3007612F2 /* ReverseGeocodingModel.swift */ = {isa = PBXFileReference; lastKnownFileType = sourcecode.swift; path = ReverseGeocodingModel.swift; sourceTree = "<group>"; };
		FEDF13AE269238380003CEC2 /* extensionMainScreen.swift */ = {isa = PBXFileReference; lastKnownFileType = sourcecode.swift; path = extensionMainScreen.swift; sourceTree = "<group>"; };
/* End PBXFileReference section */

/* Begin PBXFrameworksBuildPhase section */
		FED73A672675ECF6001FEE29 /* Frameworks */ = {
			isa = PBXFrameworksBuildPhase;
			buildActionMask = 2147483647;
			files = (
			);
			runOnlyForDeploymentPostprocessing = 0;
		};
/* End PBXFrameworksBuildPhase section */

/* Begin PBXGroup section */
		FE5476D82685319E008485B9 /* Recources  */ = {
			isa = PBXGroup;
			children = (
				FED73A762675ECF9001FEE29 /* Assets.xcassets */,
				FE7608AE268E4BF500FF1D81 /* HelveticaNeueCyr-Medium.ttf */,
				FE5476D9268531C7008485B9 /* city.list.json */,
				FE7608B0268E4C1400FF1D81 /* HelveticaNeueCyr-Roman.ttf */,
				FE7608B1268E4C2700FF1D81 /* HelveticaNeueCyr-Bold.ttf */,
				FE7608AF268E4C0100FF1D81 /* HelveticaNeueCyr-Light.ttf */,
				FED73A782675ECF9001FEE29 /* LaunchScreen.storyboard */,
			);
			path = "Recources ";
			sourceTree = "<group>";
		};
		FE5476DC2685324D008485B9 /* Models */ = {
			isa = PBXGroup;
			children = (
				FED73A8526760506001FEE29 /* CityModel.swift */,
				FE463C5F268533F500D418AF /* ForecastModel.swift */,
				FE48BB96268B3B3F00591AF2 /* cityListModel.swift */,
				FED978D0269725A3007612F2 /* ReverseGeocodingModel.swift */,
			);
			path = Models;
			sourceTree = "<group>";
		};
		FE88429E2687DF1F00A044E0 /* Controllers */ = {
			isa = PBXGroup;
			children = (
				FED73A8226760012001FEE29 /* NetworkManager.swift */,
				FEA7D4CC269631DE009770AA /* LocationManager.swift */,
				FED73A712675ECF6001FEE29 /* MainScreenViewController.swift */,
				FEDF13AE269238380003CEC2 /* extensionMainScreen.swift */,
				FE8842A52688E1B900A044E0 /* ForecastViewController.swift */,
				FE63E3E3268CD05A00B6DB16 /* extensionForecast.swift */,
				FE48BB9D268B6A8C00591AF2 /* CityManager .swift */,
			);
			path = Controllers;
			sourceTree = "<group>";
		};
		FE88429F2687DF2A00A044E0 /* Views */ = {
			isa = PBXGroup;
			children = (
				FED73A732675ECF6001FEE29 /* Main.storyboard */,
				FE8842AE2688EB9700A044E0 /* Forecast.storyboard */,
				FEAB5D912688FC96005AC295 /* collectiCollectionViewCell.xib */,
				FEAB5D902688FC96005AC295 /* collectiCollectionViewCell.swift */,
				FE8842A92688E28700A044E0 /* ForecastView.swift */,
			);
			path = Views;
			sourceTree = "<group>";
		};
		FED73A612675ECF6001FEE29 = {
			isa = PBXGroup;
			children = (
				FED73A6C2675ECF6001FEE29 /* DZ25 */,
				FED73A6B2675ECF6001FEE29 /* Products */,
			);
			sourceTree = "<group>";
		};
		FED73A6B2675ECF6001FEE29 /* Products */ = {
			isa = PBXGroup;
			children = (
				FED73A6A2675ECF6001FEE29 /* DZ25.app */,
			);
			name = Products;
			sourceTree = "<group>";
		};
		FED73A6C2675ECF6001FEE29 /* DZ25 */ = {
			isa = PBXGroup;
			children = (
				FED73A7B2675ECF9001FEE29 /* Info.plist */,
				FED73A6D2675ECF6001FEE29 /* AppDelegate.swift */,
				FED73A6F2675ECF6001FEE29 /* SceneDelegate.swift */,
				FE5476DC2685324D008485B9 /* Models */,
				FE88429F2687DF2A00A044E0 /* Views */,
				FE88429E2687DF1F00A044E0 /* Controllers */,
				FE5476D82685319E008485B9 /* Recources  */,
			);
			path = DZ25;
			sourceTree = "<group>";
		};
/* End PBXGroup section */

/* Begin PBXNativeTarget section */
		FED73A692675ECF6001FEE29 /* DZ25 */ = {
			isa = PBXNativeTarget;
			buildConfigurationList = FED73A7E2675ECF9001FEE29 /* Build configuration list for PBXNativeTarget "DZ25" */;
			buildPhases = (
				FED73A662675ECF6001FEE29 /* Sources */,
				FED73A672675ECF6001FEE29 /* Frameworks */,
				FED73A682675ECF6001FEE29 /* Resources */,
			);
			buildRules = (
			);
			dependencies = (
			);
			name = DZ25;
			productName = DZ25;
			productReference = FED73A6A2675ECF6001FEE29 /* DZ25.app */;
			productType = "com.apple.product-type.application";
		};
/* End PBXNativeTarget section */

/* Begin PBXProject section */
		FED73A622675ECF6001FEE29 /* Project object */ = {
			isa = PBXProject;
			attributes = {
				LastSwiftUpdateCheck = 1240;
				LastUpgradeCheck = 1240;
				TargetAttributes = {
					FED73A692675ECF6001FEE29 = {
						CreatedOnToolsVersion = 12.4;
					};
				};
			};
			buildConfigurationList = FED73A652675ECF6001FEE29 /* Build configuration list for PBXProject "DZ25" */;
			compatibilityVersion = "Xcode 9.3";
			developmentRegion = en;
			hasScannedForEncodings = 0;
			knownRegions = (
				en,
				Base,
			);
			mainGroup = FED73A612675ECF6001FEE29;
			productRefGroup = FED73A6B2675ECF6001FEE29 /* Products */;
			projectDirPath = "";
			projectRoot = "";
			targets = (
				FED73A692675ECF6001FEE29 /* DZ25 */,
			);
		};
/* End PBXProject section */

/* Begin PBXResourcesBuildPhase section */
		FED73A682675ECF6001FEE29 /* Resources */ = {
			isa = PBXResourcesBuildPhase;
			buildActionMask = 2147483647;
			files = (
				FED73A7A2675ECF9001FEE29 /* LaunchScreen.storyboard in Resources */,
				FEAB5D932688FC96005AC295 /* collectiCollectionViewCell.xib in Resources */,
				FE8842AF2688EB9700A044E0 /* Forecast.storyboard in Resources */,
				FE5476DA268531C7008485B9 /* city.list.json in Resources */,
				FED73A772675ECF9001FEE29 /* Assets.xcassets in Resources */,
				FED73A752675ECF6001FEE29 /* Main.storyboard in Resources */,
			);
			runOnlyForDeploymentPostprocessing = 0;
		};
/* End PBXResourcesBuildPhase section */

/* Begin PBXSourcesBuildPhase section */
		FED73A662675ECF6001FEE29 /* Sources */ = {
			isa = PBXSourcesBuildPhase;
			buildActionMask = 2147483647;
			files = (
				FE48BB9E268B6A8C00591AF2 /* CityManager .swift in Sources */,
				FED73A8626760506001FEE29 /* CityModel.swift in Sources */,
				FE8842A62688E1B900A044E0 /* ForecastViewController.swift in Sources */,
				FE463C60268533F500D418AF /* ForecastModel.swift in Sources */,
				FED73A8326760012001FEE29 /* NetworkManager.swift in Sources */,
				FE48BB97268B3B3F00591AF2 /* cityListModel.swift in Sources */,
				FED73A722675ECF6001FEE29 /* MainScreenViewController.swift in Sources */,
				FED978D1269725A3007612F2 /* ReverseGeocodingModel.swift in Sources */,
				FED73A6E2675ECF6001FEE29 /* AppDelegate.swift in Sources */,
				FEDF13AF269238380003CEC2 /* extensionMainScreen.swift in Sources */,
				FED73A702675ECF6001FEE29 /* SceneDelegate.swift in Sources */,
				FEA7D4CD269631DE009770AA /* LocationManager.swift in Sources */,
				FEAB5D922688FC96005AC295 /* collectiCollectionViewCell.swift in Sources */,
				FE8842AA2688E28700A044E0 /* ForecastView.swift in Sources */,
				FE63E3E4268CD05A00B6DB16 /* extensionForecast.swift in Sources */,
			);
			runOnlyForDeploymentPostprocessing = 0;
		};
/* End PBXSourcesBuildPhase section */

/* Begin PBXVariantGroup section */
		FED73A732675ECF6001FEE29 /* Main.storyboard */ = {
			isa = PBXVariantGroup;
			children = (
				FED73A742675ECF6001FEE29 /* Base */,
			);
			name = Main.storyboard;
			sourceTree = "<group>";
		};
		FED73A782675ECF9001FEE29 /* LaunchScreen.storyboard */ = {
			isa = PBXVariantGroup;
			children = (
				FED73A792675ECF9001FEE29 /* Base */,
			);
			name = LaunchScreen.storyboard;
			sourceTree = "<group>";
		};
/* End PBXVariantGroup section */

/* Begin XCBuildConfiguration section */
		FED73A7C2675ECF9001FEE29 /* Debug */ = {
			isa = XCBuildConfiguration;
			buildSettings = {
				ALWAYS_SEARCH_USER_PATHS = NO;
				CLANG_ANALYZER_NONNULL = YES;
				CLANG_ANALYZER_NUMBER_OBJECT_CONVERSION = YES_AGGRESSIVE;
				CLANG_CXX_LANGUAGE_STANDARD = "gnu++14";
				CLANG_CXX_LIBRARY = "libc++";
				CLANG_ENABLE_MODULES = YES;
				CLANG_ENABLE_OBJC_ARC = YES;
				CLANG_ENABLE_OBJC_WEAK = YES;
				CLANG_WARN_BLOCK_CAPTURE_AUTORELEASING = YES;
				CLANG_WARN_BOOL_CONVERSION = YES;
				CLANG_WARN_COMMA = YES;
				CLANG_WARN_CONSTANT_CONVERSION = YES;
				CLANG_WARN_DEPRECATED_OBJC_IMPLEMENTATIONS = YES;
				CLANG_WARN_DIRECT_OBJC_ISA_USAGE = YES_ERROR;
				CLANG_WARN_DOCUMENTATION_COMMENTS = YES;
				CLANG_WARN_EMPTY_BODY = YES;
				CLANG_WARN_ENUM_CONVERSION = YES;
				CLANG_WARN_INFINITE_RECURSION = YES;
				CLANG_WARN_INT_CONVERSION = YES;
				CLANG_WARN_NON_LITERAL_NULL_CONVERSION = YES;
				CLANG_WARN_OBJC_IMPLICIT_RETAIN_SELF = YES;
				CLANG_WARN_OBJC_LITERAL_CONVERSION = YES;
				CLANG_WARN_OBJC_ROOT_CLASS = YES_ERROR;
				CLANG_WARN_QUOTED_INCLUDE_IN_FRAMEWORK_HEADER = YES;
				CLANG_WARN_RANGE_LOOP_ANALYSIS = YES;
				CLANG_WARN_STRICT_PROTOTYPES = YES;
				CLANG_WARN_SUSPICIOUS_MOVE = YES;
				CLANG_WARN_UNGUARDED_AVAILABILITY = YES_AGGRESSIVE;
				CLANG_WARN_UNREACHABLE_CODE = YES;
				CLANG_WARN__DUPLICATE_METHOD_MATCH = YES;
				COPY_PHASE_STRIP = NO;
				DEBUG_INFORMATION_FORMAT = dwarf;
				ENABLE_STRICT_OBJC_MSGSEND = YES;
				ENABLE_TESTABILITY = YES;
				GCC_C_LANGUAGE_STANDARD = gnu11;
				GCC_DYNAMIC_NO_PIC = NO;
				GCC_NO_COMMON_BLOCKS = YES;
				GCC_OPTIMIZATION_LEVEL = 0;
				GCC_PREPROCESSOR_DEFINITIONS = (
					"DEBUG=1",
					"$(inherited)",
				);
				GCC_WARN_64_TO_32_BIT_CONVERSION = YES;
				GCC_WARN_ABOUT_RETURN_TYPE = YES_ERROR;
				GCC_WARN_UNDECLARED_SELECTOR = YES;
				GCC_WARN_UNINITIALIZED_AUTOS = YES_AGGRESSIVE;
				GCC_WARN_UNUSED_FUNCTION = YES;
				GCC_WARN_UNUSED_VARIABLE = YES;
				IPHONEOS_DEPLOYMENT_TARGET = 14.4;
				MTL_ENABLE_DEBUG_INFO = INCLUDE_SOURCE;
				MTL_FAST_MATH = YES;
				ONLY_ACTIVE_ARCH = YES;
				SDKROOT = iphoneos;
				SWIFT_ACTIVE_COMPILATION_CONDITIONS = DEBUG;
				SWIFT_OPTIMIZATION_LEVEL = "-Onone";
			};
			name = Debug;
		};
		FED73A7D2675ECF9001FEE29 /* Release */ = {
			isa = XCBuildConfiguration;
			buildSettings = {
				ALWAYS_SEARCH_USER_PATHS = NO;
				CLANG_ANALYZER_NONNULL = YES;
				CLANG_ANALYZER_NUMBER_OBJECT_CONVERSION = YES_AGGRESSIVE;
				CLANG_CXX_LANGUAGE_STANDARD = "gnu++14";
				CLANG_CXX_LIBRARY = "libc++";
				CLANG_ENABLE_MODULES = YES;
				CLANG_ENABLE_OBJC_ARC = YES;
				CLANG_ENABLE_OBJC_WEAK = YES;
				CLANG_WARN_BLOCK_CAPTURE_AUTORELEASING = YES;
				CLANG_WARN_BOOL_CONVERSION = YES;
				CLANG_WARN_COMMA = YES;
				CLANG_WARN_CONSTANT_CONVERSION = YES;
				CLANG_WARN_DEPRECATED_OBJC_IMPLEMENTATIONS = YES;
				CLANG_WARN_DIRECT_OBJC_ISA_USAGE = YES_ERROR;
				CLANG_WARN_DOCUMENTATION_COMMENTS = YES;
				CLANG_WARN_EMPTY_BODY = YES;
				CLANG_WARN_ENUM_CONVERSION = YES;
				CLANG_WARN_INFINITE_RECURSION = YES;
				CLANG_WARN_INT_CONVERSION = YES;
				CLANG_WARN_NON_LITERAL_NULL_CONVERSION = YES;
				CLANG_WARN_OBJC_IMPLICIT_RETAIN_SELF = YES;
				CLANG_WARN_OBJC_LITERAL_CONVERSION = YES;
				CLANG_WARN_OBJC_ROOT_CLASS = YES_ERROR;
				CLANG_WARN_QUOTED_INCLUDE_IN_FRAMEWORK_HEADER = YES;
				CLANG_WARN_RANGE_LOOP_ANALYSIS = YES;
				CLANG_WARN_STRICT_PROTOTYPES = YES;
				CLANG_WARN_SUSPICIOUS_MOVE = YES;
				CLANG_WARN_UNGUARDED_AVAILABILITY = YES_AGGRESSIVE;
				CLANG_WARN_UNREACHABLE_CODE = YES;
				CLANG_WARN__DUPLICATE_METHOD_MATCH = YES;
				COPY_PHASE_STRIP = NO;
				DEBUG_INFORMATION_FORMAT = "dwarf-with-dsym";
				ENABLE_NS_ASSERTIONS = NO;
				ENABLE_STRICT_OBJC_MSGSEND = YES;
				GCC_C_LANGUAGE_STANDARD = gnu11;
				GCC_NO_COMMON_BLOCKS = YES;
				GCC_WARN_64_TO_32_BIT_CONVERSION = YES;
				GCC_WARN_ABOUT_RETURN_TYPE = YES_ERROR;
				GCC_WARN_UNDECLARED_SELECTOR = YES;
				GCC_WARN_UNINITIALIZED_AUTOS = YES_AGGRESSIVE;
				GCC_WARN_UNUSED_FUNCTION = YES;
				GCC_WARN_UNUSED_VARIABLE = YES;
				IPHONEOS_DEPLOYMENT_TARGET = 14.4;
				MTL_ENABLE_DEBUG_INFO = NO;
				MTL_FAST_MATH = YES;
				SDKROOT = iphoneos;
				SWIFT_COMPILATION_MODE = wholemodule;
				SWIFT_OPTIMIZATION_LEVEL = "-O";
				VALIDATE_PRODUCT = YES;
			};
			name = Release;
		};
		FED73A7F2675ECF9001FEE29 /* Debug */ = {
			isa = XCBuildConfiguration;
			buildSettings = {
				ASSETCATALOG_COMPILER_APPICON_NAME = AppIcon;
				ASSETCATALOG_COMPILER_GLOBAL_ACCENT_COLOR_NAME = AccentColor;
				CODE_SIGN_STYLE = Automatic;
				DEVELOPMENT_TEAM = F7675YAGFS;
				INFOPLIST_FILE = DZ25/Info.plist;
				LD_RUNPATH_SEARCH_PATHS = (
					"$(inherited)",
					"@executable_path/Frameworks",
				);
				PRODUCT_BUNDLE_IDENTIFIER = dima.DZ25;
				PRODUCT_NAME = "$(TARGET_NAME)";
				SWIFT_VERSION = 5.0;
				TARGETED_DEVICE_FAMILY = "1,2";
			};
			name = Debug;
		};
		FED73A802675ECF9001FEE29 /* Release */ = {
			isa = XCBuildConfiguration;
			buildSettings = {
				ASSETCATALOG_COMPILER_APPICON_NAME = AppIcon;
				ASSETCATALOG_COMPILER_GLOBAL_ACCENT_COLOR_NAME = AccentColor;
				CODE_SIGN_STYLE = Automatic;
				DEVELOPMENT_TEAM = F7675YAGFS;
				INFOPLIST_FILE = DZ25/Info.plist;
				LD_RUNPATH_SEARCH_PATHS = (
					"$(inherited)",
					"@executable_path/Frameworks",
				);
				PRODUCT_BUNDLE_IDENTIFIER = dima.DZ25;
				PRODUCT_NAME = "$(TARGET_NAME)";
				SWIFT_VERSION = 5.0;
				TARGETED_DEVICE_FAMILY = "1,2";
			};
			name = Release;
		};
/* End XCBuildConfiguration section */

/* Begin XCConfigurationList section */
		FED73A652675ECF6001FEE29 /* Build configuration list for PBXProject "DZ25" */ = {
			isa = XCConfigurationList;
			buildConfigurations = (
				FED73A7C2675ECF9001FEE29 /* Debug */,
				FED73A7D2675ECF9001FEE29 /* Release */,
			);
			defaultConfigurationIsVisible = 0;
			defaultConfigurationName = Release;
		};
		FED73A7E2675ECF9001FEE29 /* Build configuration list for PBXNativeTarget "DZ25" */ = {
			isa = XCConfigurationList;
			buildConfigurations = (
				FED73A7F2675ECF9001FEE29 /* Debug */,
				FED73A802675ECF9001FEE29 /* Release */,
			);
			defaultConfigurationIsVisible = 0;
			defaultConfigurationName = Release;
		};
/* End XCConfigurationList section */
	};
	rootObject = FED73A622675ECF6001FEE29 /* Project object */;
}
